
Microsoft Visual Studio Solution File, Format Version 12.00
# Visual Studio Version 17
VisualStudioVersion = 17.10.35122.118
MinimumVisualStudioVersion = 10.0.40219.1
Project("{9A19103F-16F7-4668-BE54-9A1E7A4F7556}") = "BookApi", "BookExercise\BookApi.csproj", "{1F59FD15-BDE6-4F15-B8DB-6B7AC07450FD}"
EndProject
Project("{9A19103F-16F7-4668-BE54-9A1E7A4F7556}") = "BookDomain", "BookService\BookDomain.csproj", "{09986363-BD39-422E-A930-11DC0D175F6D}"
EndProject
Project("{FAE04EC0-301F-11D3-BF4B-00C04F79EFBC}") = "TestBook", "TestBook\TestBook.csproj", "{AF24D4C6-2F1D-458D-AFD4-085491DCD7CB}"
EndProject
Global
	GlobalSection(SolutionConfigurationPlatforms) = preSolution
		Debug|Any CPU = Debug|Any CPU
		Release|Any CPU = Release|Any CPU
	EndGlobalSection
	GlobalSection(ProjectConfigurationPlatforms) = postSolution
		{1F59FD15-BDE6-4F15-B8DB-6B7AC07450FD}.Debug|Any CPU.ActiveCfg = Debug|Any CPU
		{1F59FD15-BDE6-4F15-B8DB-6B7AC07450FD}.Debug|Any CPU.Build.0 = Debug|Any CPU
		{1F59FD15-BDE6-4F15-B8DB-6B7AC07450FD}.Release|Any CPU.ActiveCfg = Release|Any CPU
		{1F59FD15-BDE6-4F15-B8DB-6B7AC07450FD}.Release|Any CPU.Build.0 = Release|Any CPU
		{09986363-BD39-422E-A930-11DC0D175F6D}.Debug|Any CPU.ActiveCfg = Debug|Any CPU
		{09986363-BD39-422E-A930-11DC0D175F6D}.Debug|Any CPU.Build.0 = Debug|Any CPU
		{09986363-BD39-422E-A930-11DC0D175F6D}.Release|Any CPU.ActiveCfg = Release|Any CPU
		{09986363-BD39-422E-A930-11DC0D175F6D}.Release|Any CPU.Build.0 = Release|Any CPU
		{AF24D4C6-2F1D-458D-AFD4-085491DCD7CB}.Debug|Any CPU.ActiveCfg = Debug|Any CPU
		{AF24D4C6-2F1D-458D-AFD4-085491DCD7CB}.Debug|Any CPU.Build.0 = Debug|Any CPU
		{AF24D4C6-2F1D-458D-AFD4-085491DCD7CB}.Release|Any CPU.ActiveCfg = Release|Any CPU
		{AF24D4C6-2F1D-458D-AFD4-085491DCD7CB}.Release|Any CPU.Build.0 = Release|Any CPU
	EndGlobalSection
	GlobalSection(SolutionProperties) = preSolution
		HideSolutionNode = FALSE
	EndGlobalSection
	GlobalSection(ExtensibilityGlobals) = postSolution
		SolutionGuid = {5CCA360A-468C-42CB-92EE-857D392784E4}
	EndGlobalSection
EndGlobal
